
Microsoft Visual Studio Solution File, Format Version 12.00
# Visual Studio Version 17
VisualStudioVersion = 17.7.34221.43
MinimumVisualStudioVersion = 10.0.40219.1
Project("{FAE04EC0-301F-11D3-BF4B-00C04F79EFBC}") = "TerminalApi", "TerminalApi\TerminalApi.csproj", "{C38E530C-B997-4F94-81F2-96CC8190984E}"
EndProject
Global
	GlobalSection(SolutionConfigurationPlatforms) = preSolution
		Debug|Any CPU = Debug|Any CPU
		Release|Any CPU = Release|Any CPU
	EndGlobalSection
	GlobalSection(ProjectConfigurationPlatforms) = postSolution
		{C38E530C-B997-4F94-81F2-96CC8190984E}.Debug|Any CPU.ActiveCfg = Debug|Any CPU
		{C38E530C-B997-4F94-81F2-96CC8190984E}.Debug|Any CPU.Build.0 = Debug|Any CPU
		{C38E530C-B997-4F94-81F2-96CC8190984E}.Release|Any CPU.ActiveCfg = Release|Any CPU
		{C38E530C-B997-4F94-81F2-96CC8190984E}.Release|Any CPU.Build.0 = Release|Any CPU
	EndGlobalSection
	GlobalSection(SolutionProperties) = preSolution
		HideSolutionNode = FALSE
	EndGlobalSection
	GlobalSection(ExtensibilityGlobals) = postSolution
		SolutionGuid = {AE67B90F-F792-4202-BC9F-F499AC06A72B}
	EndGlobalSection
EndGlobal
